
Microsoft Visual Studio Solution File, Format Version 12.00
# Visual Studio 15
VisualStudioVersion = 15.0.28010.2036
MinimumVisualStudioVersion = 10.0.40219.1
Project("{FAE04EC0-301F-11D3-BF4B-00C04F79EFBC}") = "SnakeEyesGame", "SnakeEyesGame\SnakeEyesGame.csproj", "{2C1AA34F-A068-4A05-8AB2-8ECF25CEEA50}"
EndProject
Global
	GlobalSection(SolutionConfigurationPlatforms) = preSolution
		Debug|Any CPU = Debug|Any CPU
		Release|Any CPU = Release|Any CPU
	EndGlobalSection
	GlobalSection(ProjectConfigurationPlatforms) = postSolution
		{2C1AA34F-A068-4A05-8AB2-8ECF25CEEA50}.Debug|Any CPU.ActiveCfg = Debug|Any CPU
		{2C1AA34F-A068-4A05-8AB2-8ECF25CEEA50}.Debug|Any CPU.Build.0 = Debug|Any CPU
		{2C1AA34F-A068-4A05-8AB2-8ECF25CEEA50}.Release|Any CPU.ActiveCfg = Release|Any CPU
		{2C1AA34F-A068-4A05-8AB2-8ECF25CEEA50}.Release|Any CPU.Build.0 = Release|Any CPU
	EndGlobalSection
	GlobalSection(SolutionProperties) = preSolution
		HideSolutionNode = FALSE
	EndGlobalSection
	GlobalSection(ExtensibilityGlobals) = postSolution
		SolutionGuid = {598560F9-DF9F-4E79-BE14-6BBF48D6EAE7}
	EndGlobalSection
EndGlobal
